
Microsoft Visual Studio Solution File, Format Version 12.00
# Visual Studio 15
VisualStudioVersion = 15.0.28307.136
MinimumVisualStudioVersion = 10.0.40219.1
Project("{FAE04EC0-301F-11D3-BF4B-00C04F79EFBC}") = "WebApplication3", "WebApplication3\WebApplication3.csproj", "{1FD2C05D-5379-4D43-910C-75313F5AAC0B}"
EndProject
Global
	GlobalSection(SolutionConfigurationPlatforms) = preSolution
		Debug|Any CPU = Debug|Any CPU
		Release|Any CPU = Release|Any CPU
	EndGlobalSection
	GlobalSection(ProjectConfigurationPlatforms) = postSolution
		{1FD2C05D-5379-4D43-910C-75313F5AAC0B}.Debug|Any CPU.ActiveCfg = Debug|Any CPU
		{1FD2C05D-5379-4D43-910C-75313F5AAC0B}.Debug|Any CPU.Build.0 = Debug|Any CPU
		{1FD2C05D-5379-4D43-910C-75313F5AAC0B}.Release|Any CPU.ActiveCfg = Release|Any CPU
		{1FD2C05D-5379-4D43-910C-75313F5AAC0B}.Release|Any CPU.Build.0 = Release|Any CPU
	EndGlobalSection
	GlobalSection(SolutionProperties) = preSolution
		HideSolutionNode = FALSE
	EndGlobalSection
	GlobalSection(ExtensibilityGlobals) = postSolution
		SolutionGuid = {520E1B89-C838-4D0C-AD4E-E89AAB80E782}
	EndGlobalSection
EndGlobal
